# THIS IS AN AUTOGENERATED FILE. DO NOT EDIT THIS FILE DIRECTLY.
# yarn lockfile v1


arid@^0.15.0:
  version "0.15.0"
  resolved "https://registry.yarnpkg.com/arid/-/arid-0.15.0.tgz#477236f548988a0f2103a90cf428de7b496660ae"
  dependencies:
    babel-runtime "^6.23.0"
    doubt "^0.17.0"
    truly "^0.13.0"

asea@^0.10.0:
  version "0.10.0"
  resolved "https://registry.yarnpkg.com/asea/-/asea-0.10.0.tgz#60a1b46e02708855ceac31418f8a017e2dc0e12b"
  dependencies:
    babel-runtime "^6.23.0"
    harden "^0.16.0"

ate@^0.11.0:
  version "0.11.0"
  resolved "https://registry.yarnpkg.com/ate/-/ate-0.11.0.tgz#7db0ae03e1c633267ea484571746df52388c44d0"
  dependencies:
    babel-runtime "^6.23.0"
    falzy "^0.13.0"
    protype "^0.17.0"
    zelf "^0.8.0"

babel-runtime@^6.23.0:
  version "6.23.0"
  resolved "https://registry.yarnpkg.com/babel-runtime/-/babel-runtime-6.23.0.tgz#0a9489f144de70efb3ce4300accdb329e2fc543b"
  dependencies:
    core-js "^2.4.0"
    regenerator-runtime "^0.10.0"

budge@^0.14.0:
  version "0.14.0"
  resolved "https://registry.yarnpkg.com/budge/-/budge-0.14.0.tgz#e61ea5f494d6cc24422450755e6316033dedf23c"
  dependencies:
    babel-runtime "^6.23.0"
    depher "^0.16.0"
    doubt "^0.17.0"
    raze "^0.19.0"

called@^0.14.0:
  version "0.14.0"
  resolved "https://registry.yarnpkg.com/called/-/called-0.14.0.tgz#e7001fa28fb1d945cfd5b0045dd5573f066f9bde"
  dependencies:
    babel-runtime "^6.23.0"
    harden "^0.16.0"
    kloak "^0.8.0"
    protype "^0.17.0"
    raze "^0.19.0"

cemento@^0.11.0:
  version "0.11.0"
  resolved "https://registry.yarnpkg.com/cemento/-/cemento-0.11.0.tgz#b74a68611dde34724ecf57e3fd9e17f7603ed120"
  dependencies:
    babel-runtime "^6.23.0"
    harden "^0.16.0"

circular-json@^0.3.1:
  version "0.3.1"
  resolved "https://registry.yarnpkg.com/circular-json/-/circular-json-0.3.1.tgz#be8b36aefccde8b3ca7aa2d6afc07a37242c0d2d"

clazof@^0.12.0:
  version "0.12.0"
  resolved "https://registry.yarnpkg.com/clazof/-/clazof-0.12.0.tgz#b4ca3bbcb374fb813ab301b5d73c15f9fd7568a6"
  dependencies:
    babel-runtime "^6.23.0"
    falzy "^0.13.0"
    protype "^0.17.0"
    raze "^0.19.0"
    wauker "^0.1.0"

cobralize@^0.8.0:
  version "0.8.0"
  resolved "https://registry.yarnpkg.com/cobralize/-/cobralize-0.8.0.tgz#dc50815d836b1b15b665e9c2282036590942b89e"
  dependencies:
    babel-runtime "^6.23.0"
    disdo "^0.8.0"
    falzy "^0.13.0"
    protype "^0.17.0"

core-js@^2.4.0:
  version "2.4.1"
  resolved "https://registry.yarnpkg.com/core-js/-/core-js-2.4.1.tgz#4de911e667b0eae9124e34254b53aea6fc618d3e"

dephall@^0.14.0:
  version "0.14.0"
  resolved "https://registry.yarnpkg.com/dephall/-/dephall-0.14.0.tgz#285644f7c2deea01afa6f21a4e8dbd838c8703a6"
  dependencies:
    arid "^0.15.0"
    babel-runtime "^6.23.0"
    doubt "^0.17.0"
    falze "^0.11.0"
    falzy "^0.13.0"
    harden "^0.16.0"
    pyck "^0.15.0"
    zelf "^0.8.0"

depher@^0.16.0:
  version "0.16.0"
  resolved "https://registry.yarnpkg.com/depher/-/depher-0.16.0.tgz#c5f1905747e7d72b3a7970740fc470d21547685e"
  dependencies:
    babel-runtime "^6.23.0"
    dephall "^0.14.0"
    doubt "^0.17.0"
    falze "^0.11.0"
    falzy "^0.13.0"
    harden "^0.16.0"
    zelf "^0.8.0"

disdo@^0.8.0:
  version "0.8.0"
  resolved "https://registry.yarnpkg.com/disdo/-/disdo-0.8.0.tgz#3354ed67dfdbfd07a5f58aeb70f7d0cab63c0d18"
  dependencies:
    babel-runtime "^6.23.0"
    falzy "^0.13.0"
    protype "^0.17.0"

doubt@^0.17.0:
  version "0.17.0"
  resolved "https://registry.yarnpkg.com/doubt/-/doubt-0.17.0.tgz#9817bd2afa0b10f7d913ea562fbaffd4a0d7de75"
  dependencies:
    babel-runtime "^6.23.0"
    cemento "^0.11.0"
    circular-json "^0.3.1"
    falzy "^0.13.0"
    harden "^0.16.0"
    khount "^0.0.0"
    protype "^0.17.0"

een@^0.7.0:
  version "0.7.0"
  resolved "https://registry.yarnpkg.com/een/-/een-0.7.0.tgz#04efcaed6841a508f075fe1489b4bd9f87ee9078"
  dependencies:
    babel-runtime "^6.23.0"
    doubt "^0.17.0"
    kein "^0.10.0"
    protype "^0.17.0"
    truly "^0.13.0"

empt@^0.13.0:
  version "0.13.0"
  resolved "https://registry.yarnpkg.com/empt/-/empt-0.13.0.tgz#b10e40011fefd9ef287f91e3ee186518056eed9d"
  dependencies:
    babel-runtime "^6.23.0"
    doubt "^0.17.0"
    kount "^0.9.0"
    protype "^0.17.0"

falze@^0.11.0:
  version "0.11.0"
  resolved "https://registry.yarnpkg.com/falze/-/falze-0.11.0.tgz#e27416cde5339bc71bebb0797b330f523c5329f5"
  dependencies:
    arid "^0.15.0"
    babel-runtime "^6.23.0"
    doubt "^0.17.0"
    empt "^0.13.0"
    falzy "^0.13.0"
    protype "^0.17.0"

falzy@^0.13.0:
  version "0.13.0"
  resolved "https://registry.yarnpkg.com/falzy/-/falzy-0.13.0.tgz#635912d0abbf444eb1140b66e7311fd3a72c0502"
  dependencies:
    babel-runtime "^6.23.0"
    protype "^0.17.0"

filled@^0.11.0:
  version "0.11.0"
  resolved "https://registry.yarnpkg.com/filled/-/filled-0.11.0.tgz#ed44f17c2b1aebd8e3c837b4120ca2e668fa1b79"
  dependencies:
    babel-runtime "^6.23.0"
    doubt "^0.17.0"
    raze "^0.19.0"
    truly "^0.13.0"

harden@^0.16.0:
  version "0.16.0"
  resolved "https://registry.yarnpkg.com/harden/-/harden-0.16.0.tgz#5c0a7ec0b35baf4425c79d8c8a8cbdef443a6b57"
  dependencies:
    babel-runtime "^6.23.0"

kein@^0.10.0:
  version "0.10.0"
  resolved "https://registry.yarnpkg.com/kein/-/kein-0.10.0.tgz#2326b3930e67b864230f61e04bd8fec0f5f2a09d"
  dependencies:
    babel-runtime "^6.23.0"
    falzy "^0.13.0"
    protype "^0.17.0"

khount@^0.0.0:
  version "0.0.0"
  resolved "https://registry.yarnpkg.com/khount/-/khount-0.0.0.tgz#7c7f369ae5d0ef5499dca14eeb168bb4b4b29e6d"
  dependencies:
    babel-runtime "^6.23.0"

kloak@^0.8.0:
  version "0.8.0"
  resolved "https://registry.yarnpkg.com/kloak/-/kloak-0.8.0.tgz#01fd8c3f37bf8b2a5bc942638ab5eb10dc3fe121"
  dependencies:
    ate "^0.11.0"
    babel-runtime "^6.23.0"
    cobralize "^0.8.0"
    falzy "^0.13.0"
    harden "^0.16.0"
    kein "^0.10.0"
    protype "^0.17.0"
    transpher "^0.10.0"
    truly "^0.13.0"

kount@^0.9.0:
  version "0.9.0"
  resolved "https://registry.yarnpkg.com/kount/-/kount-0.9.0.tgz#6315a7f63387485c9c2fabcafdb7a32ba7d78e4e"
  dependencies:
    babel-runtime "^6.23.0"

letgo@^0.19.0:
  version "0.19.0"
  resolved "https://registry.yarnpkg.com/letgo/-/letgo-0.19.0.tgz#3aa9a596c28be940e771f07ebc12e776cd77dd49"
  dependencies:
    arid "^0.15.0"
    babel-runtime "^6.23.0"
    budge "^0.14.0"
    called "^0.14.0"
    depher "^0.16.0"
    filled "^0.11.0"
    harden "^0.16.0"
    protype "^0.17.0"
    truly "^0.13.0"
    zelf "^0.8.0"

protease@^0.9.0:
  version "0.9.0"
  resolved "https://registry.yarnpkg.com/protease/-/protease-0.9.0.tgz#b52bd7b0d22b62407e0d4fdecf63d7e3c3c3aea2"
  dependencies:
    babel-runtime "^6.23.0"
    falzy "^0.13.0"
    harden "^0.16.0"
    kein "^0.10.0"
    protype "^0.17.0"

protype@^0.17.0:
  version "0.17.0"
  resolved "https://registry.yarnpkg.com/protype/-/protype-0.17.0.tgz#40589ea6e1a20d9b537fa0d9f035ad40c4e5b91d"
  dependencies:
    babel-runtime "^6.23.0"
    cemento "^0.11.0"
    harden "^0.16.0"

pyck@^0.15.0:
  version "0.15.0"
  resolved "https://registry.yarnpkg.com/pyck/-/pyck-0.15.0.tgz#cd5359596c4d0f2516b1c67eaae426363f6ff71c"
  dependencies:
    babel-runtime "^6.23.0"
    clazof "^0.12.0"
    doubt "^0.17.0"
    falzy "^0.13.0"
    harden "^0.16.0"
    protype "^0.17.0"
    raze "^0.19.0"
    truly "^0.13.0"
    zelf "^0.8.0"

raze@^0.19.0:
  version "0.19.0"
  resolved "https://registry.yarnpkg.com/raze/-/raze-0.19.0.tgz#9656446f96cc8c7935e414c9b883aca398f23294"
  dependencies:
    babel-runtime "^6.23.0"
    doubt "^0.17.0"
    harden "^0.16.0"

regenerator-runtime@^0.10.0:
  version "0.10.3"
  resolved "https://registry.yarnpkg.com/regenerator-runtime/-/regenerator-runtime-0.10.3.tgz#8c4367a904b51ea62a908ac310bf99ff90a82a3e"

transpher@^0.10.0:
  version "0.10.0"
  resolved "https://registry.yarnpkg.com/transpher/-/transpher-0.10.0.tgz#f4d8775ddcae46ee3a589e32b4051bf05cfce32b"
  dependencies:
    ate "^0.11.0"
    babel-runtime "^6.23.0"
    depher "^0.16.0"
    falzy "^0.13.0"
    kein "^0.10.0"

truly@^0.13.0:
  version "0.13.0"
  resolved "https://registry.yarnpkg.com/truly/-/truly-0.13.0.tgz#9c783a4b3db712cb2d18a89bd86bc8e50a7f08f6"
  dependencies:
    babel-runtime "^6.23.0"
    protype "^0.17.0"

wauker@^0.1.0:
  version "0.1.0"
  resolved "https://registry.yarnpkg.com/wauker/-/wauker-0.1.0.tgz#d496bb5f8ed6c4ccd28679a8a6e1979f393e65d0"
  dependencies:
    babel-runtime "^6.23.0"
    een "^0.7.0"
    falzy "^0.13.0"
    protease "^0.9.0"
    protype "^0.17.0"

zelf@^0.8.0:
  version "0.8.0"
  resolved "https://registry.yarnpkg.com/zelf/-/zelf-0.8.0.tgz#0b024f4ba39ae41912b76e1ce175327e9383e39c"
  dependencies:
    asea "^0.10.0"
    babel-runtime "^6.23.0"
